
Microsoft Visual Studio Solution File, Format Version 12.00
# Visual Studio 15
VisualStudioVersion = 15.0.28010.2019
MinimumVisualStudioVersion = 10.0.40219.1
Project("{9A19103F-16F7-4668-BE54-9A1E7A4F7556}") = "OVE.Service.ImageTiles", "OVE.Service.ImageTiles.csproj", "{4D9F7EDA-1F2A-4BA2-9E04-E3DB0F3240A7}"
EndProject
Project("{FAE04EC0-301F-11D3-BF4B-00C04F79EFBC}") = "OVE.Service.Core", "..\..\..\ove-asset-core\src\OVE.Service.Core\OVE.Service.Core.csproj", "{C7BAA5CE-C03E-429B-9B10-D5BC0748531B}"
EndProject
Global
	GlobalSection(SolutionConfigurationPlatforms) = preSolution
		Debug|Any CPU = Debug|Any CPU
		Release|Any CPU = Release|Any CPU
	EndGlobalSection
	GlobalSection(ProjectConfigurationPlatforms) = postSolution
		{4D9F7EDA-1F2A-4BA2-9E04-E3DB0F3240A7}.Debug|Any CPU.ActiveCfg = Debug|Any CPU
		{4D9F7EDA-1F2A-4BA2-9E04-E3DB0F3240A7}.Debug|Any CPU.Build.0 = Debug|Any CPU
		{4D9F7EDA-1F2A-4BA2-9E04-E3DB0F3240A7}.Release|Any CPU.ActiveCfg = Release|Any CPU
		{4D9F7EDA-1F2A-4BA2-9E04-E3DB0F3240A7}.Release|Any CPU.Build.0 = Release|Any CPU
	EndGlobalSection
	GlobalSection(SolutionProperties) = preSolution
		HideSolutionNode = FALSE
	EndGlobalSection
	GlobalSection(ExtensibilityGlobals) = postSolution
		SolutionGuid = {2A7CE9C6-FC98-4DEE-8B2B-1C8FC04B4CC6}
	EndGlobalSection
EndGlobal
